Microsoft Visual Studio Solution File, Format Version 12.00
# Visual Studio Version 17
VisualStudioVersion = 17.0.31903.59
MinimumVisualStudioVersion = 10.0.40219.1
Project("{FAE04EC0-301F-11D3-BF4B-00C04F79EFBC}") = "NicoJkPlugin", "NicoJkPlugin\NicoJkPlugin.csproj", "{7BADD500-D6EB-491F-B89A-9291C1D48739}"
EndProject
Project("{FAE04EC0-301F-11D3-BF4B-00C04F79EFBC}") = "TvAIrPlugin", "TvAIrPlugin\TvAIrPlugin.csproj", "{43649E0C-1709-43C0-89F9-7AD0130240B2}"
EndProject
Global
	GlobalSection(SolutionConfigurationPlatforms) = preSolution
		Release|x86 = Release|x86
		Release|x64 = Release|x64
	EndGlobalSection
	GlobalSection(ProjectConfigurationPlatforms) = postSolution
		{7BADD500-D6EB-491F-B89A-9291C1D48739}.Release|x86.ActiveCfg = Release|x86
		{7BADD500-D6EB-491F-B89A-9291C1D48739}.Release|x86.Build.0 = Release|x86
		{43649E0C-1709-43C0-89F9-7AD0130240B2}.Release|x86.ActiveCfg = Release|x86
		{43649E0C-1709-43C0-89F9-7AD0130240B2}.Release|x86.Build.0 = Release|x86
		{7BADD500-D6EB-491F-B89A-9291C1D48739}.Release|x64.ActiveCfg = Release|x64
		{7BADD500-D6EB-491F-B89A-9291C1D48739}.Release|x64.Build.0 = Release|x64
		{43649E0C-1709-43C0-89F9-7AD0130240B2}.Release|x64.ActiveCfg = Release|x64
		{43649E0C-1709-43C0-89F9-7AD0130240B2}.Release|x64.Build.0 = Release|x64
	EndGlobalSection
EndGlobal
